
Microsoft Visual Studio Solution File, Format Version 12.00
# Visual Studio Version 17
VisualStudioVersion = 17.4.33213.308
MinimumVisualStudioVersion = 10.0.40219.1
Project("{FAE04EC0-301F-11D3-BF4B-00C04F79EFBC}") = "Section8", "Section8.csproj", "{72B38988-2D0E-4397-B978-CAB66C06C66D}"
EndProject
Project("{FAE04EC0-301F-11D3-BF4B-00C04F79EFBC}") = "dwad", "..\dwad\dwad.csproj", "{CBB2678C-1A8B-4B1B-A50F-65912FA562E5}"
EndProject
Global
	GlobalSection(SolutionConfigurationPlatforms) = preSolution
		Debug|Any CPU = Debug|Any CPU
		Release|Any CPU = Release|Any CPU
	EndGlobalSection
	GlobalSection(ProjectConfigurationPlatforms) = postSolution
		{72B38988-2D0E-4397-B978-CAB66C06C66D}.Debug|Any CPU.ActiveCfg = Debug|Any CPU
		{72B38988-2D0E-4397-B978-CAB66C06C66D}.Debug|Any CPU.Build.0 = Debug|Any CPU
		{72B38988-2D0E-4397-B978-CAB66C06C66D}.Release|Any CPU.ActiveCfg = Release|Any CPU
		{72B38988-2D0E-4397-B978-CAB66C06C66D}.Release|Any CPU.Build.0 = Release|Any CPU
		{CBB2678C-1A8B-4B1B-A50F-65912FA562E5}.Debug|Any CPU.ActiveCfg = Debug|Any CPU
		{CBB2678C-1A8B-4B1B-A50F-65912FA562E5}.Debug|Any CPU.Build.0 = Debug|Any CPU
		{CBB2678C-1A8B-4B1B-A50F-65912FA562E5}.Release|Any CPU.ActiveCfg = Release|Any CPU
		{CBB2678C-1A8B-4B1B-A50F-65912FA562E5}.Release|Any CPU.Build.0 = Release|Any CPU
	EndGlobalSection
	GlobalSection(SolutionProperties) = preSolution
		HideSolutionNode = FALSE
	EndGlobalSection
	GlobalSection(ExtensibilityGlobals) = postSolution
		SolutionGuid = {D0C137B6-B854-4110-A0EA-D2FAAB295256}
	EndGlobalSection
EndGlobal
